
Microsoft Visual Studio Solution File, Format Version 12.00
# Visual Studio Version 17
VisualStudioVersion = 17.9.34616.47
MinimumVisualStudioVersion = 10.0.40219.1
Project("{FAE04EC0-301F-11D3-BF4B-00C04F79EFBC}") = "tpModul5_1302220064", "tpModul5_1302220064\tpModul5_1302220064.csproj", "{B9404D85-5DD4-433B-99B4-377A28EC6775}"
EndProject
Global
	GlobalSection(SolutionConfigurationPlatforms) = preSolution
		Debug|Any CPU = Debug|Any CPU
		Release|Any CPU = Release|Any CPU
	EndGlobalSection
	GlobalSection(ProjectConfigurationPlatforms) = postSolution
		{B9404D85-5DD4-433B-99B4-377A28EC6775}.Debug|Any CPU.ActiveCfg = Debug|Any CPU
		{B9404D85-5DD4-433B-99B4-377A28EC6775}.Debug|Any CPU.Build.0 = Debug|Any CPU
		{B9404D85-5DD4-433B-99B4-377A28EC6775}.Release|Any CPU.ActiveCfg = Release|Any CPU
		{B9404D85-5DD4-433B-99B4-377A28EC6775}.Release|Any CPU.Build.0 = Release|Any CPU
	EndGlobalSection
	GlobalSection(SolutionProperties) = preSolution
		HideSolutionNode = FALSE
	EndGlobalSection
	GlobalSection(ExtensibilityGlobals) = postSolution
		SolutionGuid = {AA75D681-8A7B-43F6-AD83-E86265C14871}
	EndGlobalSection
EndGlobal
